{
  "name": "object_detection",
  "version": "1.0.0",
  "lockfileVersion": 1,
  "requires": true,
  "dependencies": {
    "@tensorflow-models/coco-ssd": {
      "version": "2.0.1",
      "resolved": "https://registry.npmjs.org/@tensorflow-models/coco-ssd/-/coco-ssd-2.0.1.tgz",
      "integrity": "sha512-+mh5eYXSK7WnQmxVbgFoClwMoQ0Vu8Ac2gyXREaNqpsLTqc2z+ZhcltEXdtHhbL8ZC6eCM7Uq3I9MXzomNsB7w=="
    }
  }
}
